// !$*UTF8*$!
{
	archiveVersion = 1;
	classes = {
	};
	objectVersion = 56;
	objects = {

/* Begin PBXBuildFile section */
		5166D1192BAC0CB90063BE17 /* FilterView.swift in Sources */ = {isa = PBXBuildFile; fileRef = 5166D1182BAC0CB90063BE17 /* FilterView.swift */; };
		519A67B22BB3DB1E00334CB2 /* CartView.swift in Sources */ = {isa = PBXBuildFile; fileRef = 519A67B12BB3DB1E00334CB2 /* CartView.swift */; };
		519A67B62BB4007900334CB2 /* TabView.swift in Sources */ = {isa = PBXBuildFile; fileRef = 519A67B52BB4007900334CB2 /* TabView.swift */; };
		51CB5D7D2BAA99E9000725ED /* LojoEcommerceApp.swift in Sources */ = {isa = PBXBuildFile; fileRef = 51CB5D7C2BAA99E9000725ED /* LojoEcommerceApp.swift */; };
		51CB5D812BAA99EA000725ED /* Assets.xcassets in Resources */ = {isa = PBXBuildFile; fileRef = 51CB5D802BAA99EA000725ED /* Assets.xcassets */; };
		51CB5D842BAA99EA000725ED /* Preview Assets.xcassets in Resources */ = {isa = PBXBuildFile; fileRef = 51CB5D832BAA99EA000725ED /* Preview Assets.xcassets */; };
		51CB5D8E2BAA9A68000725ED /* WelcomeView.swift in Sources */ = {isa = PBXBuildFile; fileRef = 51CB5D8D2BAA9A68000725ED /* WelcomeView.swift */; };
		51CB5D902BAA9A77000725ED /* HomeView.swift in Sources */ = {isa = PBXBuildFile; fileRef = 51CB5D8F2BAA9A77000725ED /* HomeView.swift */; };
		51CB5D922BAA9A88000725ED /* ItemView.swift in Sources */ = {isa = PBXBuildFile; fileRef = 51CB5D912BAA9A88000725ED /* ItemView.swift */; };
		51CB5D942BAA9A9F000725ED /* ItemModel.swift in Sources */ = {isa = PBXBuildFile; fileRef = 51CB5D932BAA9A9F000725ED /* ItemModel.swift */; };
		51CB5D972BAA9F3C000725ED /* URLImage in Frameworks */ = {isa = PBXBuildFile; productRef = 51CB5D962BAA9F3C000725ED /* URLImage */; };
		51CB5D992BAA9F3C000725ED /* URLImageStore in Frameworks */ = {isa = PBXBuildFile; productRef = 51CB5D982BAA9F3C000725ED /* URLImageStore */; };
		51CB5D9C2BAA9F47000725ED /* Kingfisher in Frameworks */ = {isa = PBXBuildFile; productRef = 51CB5D9B2BAA9F47000725ED /* Kingfisher */; };
		51CB5D9E2BAA9F8A000725ED /* ItemViewModel.swift in Sources */ = {isa = PBXBuildFile; fileRef = 51CB5D9D2BAA9F8A000725ED /* ItemViewModel.swift */; };
		51CB5DA12BAAB9FA000725ED /* ImageModel.swift in Sources */ = {isa = PBXBuildFile; fileRef = 51CB5DA02BAAB9FA000725ED /* ImageModel.swift */; };
		51CB5DA32BAABE1E000725ED /* ImageViewModel.swift in Sources */ = {isa = PBXBuildFile; fileRef = 51CB5DA22BAABE1E000725ED /* ImageViewModel.swift */; };
		51CB5DA52BAAC60B000725ED /* SearchView.swift in Sources */ = {isa = PBXBuildFile; fileRef = 51CB5DA42BAAC60B000725ED /* SearchView.swift */; };
/* End PBXBuildFile section */

/* Begin PBXFileReference section */
		5166D1182BAC0CB90063BE17 /* FilterView.swift */ = {isa = PBXFileReference; lastKnownFileType = sourcecode.swift; path = FilterView.swift; sourceTree = "<group>"; };
		519A67B12BB3DB1E00334CB2 /* CartView.swift */ = {isa = PBXFileReference; lastKnownFileType = sourcecode.swift; path = CartView.swift; sourceTree = "<group>"; };
		519A67B52BB4007900334CB2 /* TabView.swift */ = {isa = PBXFileReference; lastKnownFileType = sourcecode.swift; path = TabView.swift; sourceTree = "<group>"; };
		51CB5D792BAA99E9000725ED /* LojoEcommerce.app */ = {isa = PBXFileReference; explicitFileType = wrapper.application; includeInIndex = 0; path = LojoEcommerce.app; sourceTree = BUILT_PRODUCTS_DIR; };
		51CB5D7C2BAA99E9000725ED /* LojoEcommerceApp.swift */ = {isa = PBXFileReference; lastKnownFileType = sourcecode.swift; path = LojoEcommerceApp.swift; sourceTree = "<group>"; };
		51CB5D802BAA99EA000725ED /* Assets.xcassets */ = {isa = PBXFileReference; lastKnownFileType = folder.assetcatalog; path = Assets.xcassets; sourceTree = "<group>"; };
		51CB5D832BAA99EA000725ED /* Preview Assets.xcassets */ = {isa = PBXFileReference; lastKnownFileType = folder.assetcatalog; path = "Preview Assets.xcassets"; sourceTree = "<group>"; };
		51CB5D8D2BAA9A68000725ED /* WelcomeView.swift */ = {isa = PBXFileReference; lastKnownFileType = sourcecode.swift; path = WelcomeView.swift; sourceTree = "<group>"; };
		51CB5D8F2BAA9A77000725ED /* HomeView.swift */ = {isa = PBXFileReference; lastKnownFileType = sourcecode.swift; path = HomeView.swift; sourceTree = "<group>"; };
		51CB5D912BAA9A88000725ED /* ItemView.swift */ = {isa = PBXFileReference; lastKnownFileType = sourcecode.swift; path = ItemView.swift; sourceTree = "<group>"; };
		51CB5D932BAA9A9F000725ED /* ItemModel.swift */ = {isa = PBXFileReference; lastKnownFileType = sourcecode.swift; path = ItemModel.swift; sourceTree = "<group>"; };
		51CB5D9D2BAA9F8A000725ED /* ItemViewModel.swift */ = {isa = PBXFileReference; lastKnownFileType = sourcecode.swift; path = ItemViewModel.swift; sourceTree = "<group>"; };
		51CB5D9F2BAAA1A7000725ED /* Info.plist */ = {isa = PBXFileReference; lastKnownFileType = text.plist; path = Info.plist; sourceTree = "<group>"; };
		51CB5DA02BAAB9FA000725ED /* ImageModel.swift */ = {isa = PBXFileReference; lastKnownFileType = sourcecode.swift; path = ImageModel.swift; sourceTree = "<group>"; };
		51CB5DA22BAABE1E000725ED /* ImageViewModel.swift */ = {isa = PBXFileReference; lastKnownFileType = sourcecode.swift; path = ImageViewModel.swift; sourceTree = "<group>"; };
		51CB5DA42BAAC60B000725ED /* SearchView.swift */ = {isa = PBXFileReference; lastKnownFileType = sourcecode.swift; path = SearchView.swift; sourceTree = "<group>"; };
/* End PBXFileReference section */

/* Begin PBXFrameworksBuildPhase section */
		51CB5D762BAA99E9000725ED /* Frameworks */ = {
			isa = PBXFrameworksBuildPhase;
			buildActionMask = 2147483647;
			files = (
				51CB5D9C2BAA9F47000725ED /* Kingfisher in Frameworks */,
				51CB5D992BAA9F3C000725ED /* URLImageStore in Frameworks */,
				51CB5D972BAA9F3C000725ED /* URLImage in Frameworks */,
			);
			runOnlyForDeploymentPostprocessing = 0;
		};
/* End PBXFrameworksBuildPhase section */

/* Begin PBXGroup section */
		51CB5D702BAA99E9000725ED = {
			isa = PBXGroup;
			children = (
				51CB5D8C2BAA9A4D000725ED /* ViewModel */,
				51CB5D8B2BAA9A3E000725ED /* Model */,
				51CB5D8A2BAA9A2E000725ED /* View */,
				51CB5D7B2BAA99E9000725ED /* LojoEcommerce */,
				51CB5D7A2BAA99E9000725ED /* Products */,
			);
			sourceTree = "<group>";
		};
		51CB5D7A2BAA99E9000725ED /* Products */ = {
			isa = PBXGroup;
			children = (
				51CB5D792BAA99E9000725ED /* LojoEcommerce.app */,
			);
			name = Products;
			sourceTree = "<group>";
		};
		51CB5D7B2BAA99E9000725ED /* LojoEcommerce */ = {
			isa = PBXGroup;
			children = (
				51CB5D9F2BAAA1A7000725ED /* Info.plist */,
				51CB5D7C2BAA99E9000725ED /* LojoEcommerceApp.swift */,
				51CB5D802BAA99EA000725ED /* Assets.xcassets */,
				51CB5D822BAA99EA000725ED /* Preview Content */,
			);
			path = LojoEcommerce;
			sourceTree = "<group>";
		};
		51CB5D822BAA99EA000725ED /* Preview Content */ = {
			isa = PBXGroup;
			children = (
				51CB5D832BAA99EA000725ED /* Preview Assets.xcassets */,
			);
			path = "Preview Content";
			sourceTree = "<group>";
		};
		51CB5D8A2BAA9A2E000725ED /* View */ = {
			isa = PBXGroup;
			children = (
				51CB5D8D2BAA9A68000725ED /* WelcomeView.swift */,
				51CB5D8F2BAA9A77000725ED /* HomeView.swift */,
				51CB5D912BAA9A88000725ED /* ItemView.swift */,
				51CB5DA42BAAC60B000725ED /* SearchView.swift */,
				5166D1182BAC0CB90063BE17 /* FilterView.swift */,
				519A67B12BB3DB1E00334CB2 /* CartView.swift */,
				519A67B52BB4007900334CB2 /* TabView.swift */,
			);
			path = View;
			sourceTree = "<group>";
		};
		51CB5D8B2BAA9A3E000725ED /* Model */ = {
			isa = PBXGroup;
			children = (
				51CB5D932BAA9A9F000725ED /* ItemModel.swift */,
				51CB5DA02BAAB9FA000725ED /* ImageModel.swift */,
			);
			path = Model;
			sourceTree = "<group>";
		};
		51CB5D8C2BAA9A4D000725ED /* ViewModel */ = {
			isa = PBXGroup;
			children = (
				51CB5D9D2BAA9F8A000725ED /* ItemViewModel.swift */,
				51CB5DA22BAABE1E000725ED /* ImageViewModel.swift */,
			);
			path = ViewModel;
			sourceTree = "<group>";
		};
/* End PBXGroup section */

/* Begin PBXNativeTarget section */
		51CB5D782BAA99E9000725ED /* LojoEcommerce */ = {
			isa = PBXNativeTarget;
			buildConfigurationList = 51CB5D872BAA99EA000725ED /* Build configuration list for PBXNativeTarget "LojoEcommerce" */;
			buildPhases = (
				51CB5D752BAA99E9000725ED /* Sources */,
				51CB5D762BAA99E9000725ED /* Frameworks */,
				51CB5D772BAA99E9000725ED /* Resources */,
			);
			buildRules = (
			);
			dependencies = (
			);
			name = LojoEcommerce;
			packageProductDependencies = (
				51CB5D962BAA9F3C000725ED /* URLImage */,
				51CB5D982BAA9F3C000725ED /* URLImageStore */,
				51CB5D9B2BAA9F47000725ED /* Kingfisher */,
			);
			productName = LojoEcommerce;
			productReference = 51CB5D792BAA99E9000725ED /* LojoEcommerce.app */;
			productType = "com.apple.product-type.application";
		};
/* End PBXNativeTarget section */

/* Begin PBXProject section */
		51CB5D712BAA99E9000725ED /* Project object */ = {
			isa = PBXProject;
			attributes = {
				BuildIndependentTargetsInParallel = 1;
				LastSwiftUpdateCheck = 1520;
				LastUpgradeCheck = 1520;
				TargetAttributes = {
					51CB5D782BAA99E9000725ED = {
						CreatedOnToolsVersion = 15.2;
					};
				};
			};
			buildConfigurationList = 51CB5D742BAA99E9000725ED /* Build configuration list for PBXProject "LojoEcommerce" */;
			compatibilityVersion = "Xcode 14.0";
			developmentRegion = en;
			hasScannedForEncodings = 0;
			knownRegions = (
				en,
				Base,
			);
			mainGroup = 51CB5D702BAA99E9000725ED;
			packageReferences = (
				51CB5D952BAA9F3C000725ED /* XCRemoteSwiftPackageReference "url-image" */,
				51CB5D9A2BAA9F47000725ED /* XCRemoteSwiftPackageReference "Kingfisher" */,
			);
			productRefGroup = 51CB5D7A2BAA99E9000725ED /* Products */;
			projectDirPath = "";
			projectRoot = "";
			targets = (
				51CB5D782BAA99E9000725ED /* LojoEcommerce */,
			);
		};
/* End PBXProject section */

/* Begin PBXResourcesBuildPhase section */
		51CB5D772BAA99E9000725ED /* Resources */ = {
			isa = PBXResourcesBuildPhase;
			buildActionMask = 2147483647;
			files = (
				51CB5D842BAA99EA000725ED /* Preview Assets.xcassets in Resources */,
				51CB5D812BAA99EA000725ED /* Assets.xcassets in Resources */,
			);
			runOnlyForDeploymentPostprocessing = 0;
		};
/* End PBXResourcesBuildPhase section */

/* Begin PBXSourcesBuildPhase section */
		51CB5D752BAA99E9000725ED /* Sources */ = {
			isa = PBXSourcesBuildPhase;
			buildActionMask = 2147483647;
			files = (
				51CB5D942BAA9A9F000725ED /* ItemModel.swift in Sources */,
				51CB5DA52BAAC60B000725ED /* SearchView.swift in Sources */,
				51CB5D902BAA9A77000725ED /* HomeView.swift in Sources */,
				51CB5D8E2BAA9A68000725ED /* WelcomeView.swift in Sources */,
				51CB5D922BAA9A88000725ED /* ItemView.swift in Sources */,
				51CB5D7D2BAA99E9000725ED /* LojoEcommerceApp.swift in Sources */,
				519A67B22BB3DB1E00334CB2 /* CartView.swift in Sources */,
				51CB5D9E2BAA9F8A000725ED /* ItemViewModel.swift in Sources */,
				51CB5DA32BAABE1E000725ED /* ImageViewModel.swift in Sources */,
				5166D1192BAC0CB90063BE17 /* FilterView.swift in Sources */,
				519A67B62BB4007900334CB2 /* TabView.swift in Sources */,
				51CB5DA12BAAB9FA000725ED /* ImageModel.swift in Sources */,
			);
			runOnlyForDeploymentPostprocessing = 0;
		};
/* End PBXSourcesBuildPhase section */

/* Begin XCBuildConfiguration section */
		51CB5D852BAA99EA000725ED /* Debug */ = {
			isa = XCBuildConfiguration;
			buildSettings = {
				ALWAYS_SEARCH_USER_PATHS = NO;
				ASSETCATALOG_COMPILER_GENERATE_SWIFT_ASSET_SYMBOL_EXTENSIONS = YES;
				CLANG_ANALYZER_NONNULL = YES;
				CLANG_ANALYZER_NUMBER_OBJECT_CONVERSION = YES_AGGRESSIVE;
				CLANG_CXX_LANGUAGE_STANDARD = "gnu++20";
				CLANG_ENABLE_MODULES = YES;
				CLANG_ENABLE_OBJC_ARC = YES;
				CLANG_ENABLE_OBJC_WEAK = YES;
				CLANG_WARN_BLOCK_CAPTURE_AUTORELEASING = YES;
				CLANG_WARN_BOOL_CONVERSION = YES;
				CLANG_WARN_COMMA = YES;
				CLANG_WARN_CONSTANT_CONVERSION = YES;
				CLANG_WARN_DEPRECATED_OBJC_IMPLEMENTATIONS = YES;
				CLANG_WARN_DIRECT_OBJC_ISA_USAGE = YES_ERROR;
				CLANG_WARN_DOCUMENTATION_COMMENTS = YES;
				CLANG_WARN_EMPTY_BODY = YES;
				CLANG_WARN_ENUM_CONVERSION = YES;
				CLANG_WARN_INFINITE_RECURSION = YES;
				CLANG_WARN_INT_CONVERSION = YES;
				CLANG_WARN_NON_LITERAL_NULL_CONVERSION = YES;
				CLANG_WARN_OBJC_IMPLICIT_RETAIN_SELF = YES;
				CLANG_WARN_OBJC_LITERAL_CONVERSION = YES;
				CLANG_WARN_OBJC_ROOT_CLASS = YES_ERROR;
				CLANG_WARN_QUOTED_INCLUDE_IN_FRAMEWORK_HEADER = YES;
				CLANG_WARN_RANGE_LOOP_ANALYSIS = YES;
				CLANG_WARN_STRICT_PROTOTYPES = YES;
				CLANG_WARN_SUSPICIOUS_MOVE = YES;
				CLANG_WARN_UNGUARDED_AVAILABILITY = YES_AGGRESSIVE;
				CLANG_WARN_UNREACHABLE_CODE = YES;
				CLANG_WARN__DUPLICATE_METHOD_MATCH = YES;
				COPY_PHASE_STRIP = NO;
				DEBUG_INFORMATION_FORMAT = dwarf;
				ENABLE_STRICT_OBJC_MSGSEND = YES;
				ENABLE_TESTABILITY = YES;
				ENABLE_USER_SCRIPT_SANDBOXING = YES;
				GCC_C_LANGUAGE_STANDARD = gnu17;
				GCC_DYNAMIC_NO_PIC = NO;
				GCC_NO_COMMON_BLOCKS = YES;
				GCC_OPTIMIZATION_LEVEL = 0;
				GCC_PREPROCESSOR_DEFINITIONS = (
					"DEBUG=1",
					"$(inherited)",
				);
				GCC_WARN_64_TO_32_BIT_CONVERSION = YES;
				GCC_WARN_ABOUT_RETURN_TYPE = YES_ERROR;
				GCC_WARN_UNDECLARED_SELECTOR = YES;
				GCC_WARN_UNINITIALIZED_AUTOS = YES_AGGRESSIVE;
				GCC_WARN_UNUSED_FUNCTION = YES;
				GCC_WARN_UNUSED_VARIABLE = YES;
				IPHONEOS_DEPLOYMENT_TARGET = 17.2;
				LOCALIZATION_PREFERS_STRING_CATALOGS = YES;
				MTL_ENABLE_DEBUG_INFO = INCLUDE_SOURCE;
				MTL_FAST_MATH = YES;
				ONLY_ACTIVE_ARCH = YES;
				SDKROOT = iphoneos;
				SWIFT_ACTIVE_COMPILATION_CONDITIONS = "DEBUG $(inherited)";
				SWIFT_OPTIMIZATION_LEVEL = "-Onone";
			};
			name = Debug;
		};
		51CB5D862BAA99EA000725ED /* Release */ = {
			isa = XCBuildConfiguration;
			buildSettings = {
				ALWAYS_SEARCH_USER_PATHS = NO;
				ASSETCATALOG_COMPILER_GENERATE_SWIFT_ASSET_SYMBOL_EXTENSIONS = YES;
				CLANG_ANALYZER_NONNULL = YES;
				CLANG_ANALYZER_NUMBER_OBJECT_CONVERSION = YES_AGGRESSIVE;
				CLANG_CXX_LANGUAGE_STANDARD = "gnu++20";
				CLANG_ENABLE_MODULES = YES;
				CLANG_ENABLE_OBJC_ARC = YES;
				CLANG_ENABLE_OBJC_WEAK = YES;
				CLANG_WARN_BLOCK_CAPTURE_AUTORELEASING = YES;
				CLANG_WARN_BOOL_CONVERSION = YES;
				CLANG_WARN_COMMA = YES;
				CLANG_WARN_CONSTANT_CONVERSION = YES;
				CLANG_WARN_DEPRECATED_OBJC_IMPLEMENTATIONS = YES;
				CLANG_WARN_DIRECT_OBJC_ISA_USAGE = YES_ERROR;
				CLANG_WARN_DOCUMENTATION_COMMENTS = YES;
				CLANG_WARN_EMPTY_BODY = YES;
				CLANG_WARN_ENUM_CONVERSION = YES;
				CLANG_WARN_INFINITE_RECURSION = YES;
				CLANG_WARN_INT_CONVERSION = YES;
				CLANG_WARN_NON_LITERAL_NULL_CONVERSION = YES;
				CLANG_WARN_OBJC_IMPLICIT_RETAIN_SELF = YES;
				CLANG_WARN_OBJC_LITERAL_CONVERSION = YES;
				CLANG_WARN_OBJC_ROOT_CLASS = YES_ERROR;
				CLANG_WARN_QUOTED_INCLUDE_IN_FRAMEWORK_HEADER = YES;
				CLANG_WARN_RANGE_LOOP_ANALYSIS = YES;
				CLANG_WARN_STRICT_PROTOTYPES = YES;
				CLANG_WARN_SUSPICIOUS_MOVE = YES;
				CLANG_WARN_UNGUARDED_AVAILABILITY = YES_AGGRESSIVE;
				CLANG_WARN_UNREACHABLE_CODE = YES;
				CLANG_WARN__DUPLICATE_METHOD_MATCH = YES;
				COPY_PHASE_STRIP = NO;
				DEBUG_INFORMATION_FORMAT = "dwarf-with-dsym";
				ENABLE_NS_ASSERTIONS = NO;
				ENABLE_STRICT_OBJC_MSGSEND = YES;
				ENABLE_USER_SCRIPT_SANDBOXING = YES;
				GCC_C_LANGUAGE_STANDARD = gnu17;
				GCC_NO_COMMON_BLOCKS = YES;
				GCC_WARN_64_TO_32_BIT_CONVERSION = YES;
				GCC_WARN_ABOUT_RETURN_TYPE = YES_ERROR;
				GCC_WARN_UNDECLARED_SELECTOR = YES;
				GCC_WARN_UNINITIALIZED_AUTOS = YES_AGGRESSIVE;
				GCC_WARN_UNUSED_FUNCTION = YES;
				GCC_WARN_UNUSED_VARIABLE = YES;
				IPHONEOS_DEPLOYMENT_TARGET = 17.2;
				LOCALIZATION_PREFERS_STRING_CATALOGS = YES;
				MTL_ENABLE_DEBUG_INFO = NO;
				MTL_FAST_MATH = YES;
				SDKROOT = iphoneos;
				SWIFT_COMPILATION_MODE = wholemodule;
				VALIDATE_PRODUCT = YES;
			};
			name = Release;
		};
		51CB5D882BAA99EA000725ED /* Debug */ = {
			isa = XCBuildConfiguration;
			buildSettings = {
				ASSETCATALOG_COMPILER_APPICON_NAME = AppIcon;
				ASSETCATALOG_COMPILER_GLOBAL_ACCENT_COLOR_NAME = AccentColor;
				CODE_SIGN_STYLE = Automatic;
				CURRENT_PROJECT_VERSION = 1;
				DEVELOPMENT_ASSET_PATHS = "\"LojoEcommerce/Preview Content\"";
				ENABLE_PREVIEWS = YES;
				GENERATE_INFOPLIST_FILE = YES;
				INFOPLIST_FILE = LojoEcommerce/Info.plist;
				INFOPLIST_KEY_UIApplicationSceneManifest_Generation = YES;
				INFOPLIST_KEY_UIApplicationSupportsIndirectInputEvents = YES;
				INFOPLIST_KEY_UILaunchScreen_Generation = YES;
				INFOPLIST_KEY_UISupportedInterfaceOrientations_iPad = "UIInterfaceOrientationPortrait UIInterfaceOrientationPortraitUpsideDown UIInterfaceOrientationLandscapeLeft UIInterfaceOrientationLandscapeRight";
				INFOPLIST_KEY_UISupportedInterfaceOrientations_iPhone = "UIInterfaceOrientationPortrait UIInterfaceOrientationLandscapeLeft UIInterfaceOrientationLandscapeRight";
				LD_RUNPATH_SEARCH_PATHS = (
					"$(inherited)",
					"@executable_path/Frameworks",
				);
				MARKETING_VERSION = 1.0;
				PRODUCT_BUNDLE_IDENTIFIER = com.NIBM.LojoEcommerce;
				PRODUCT_NAME = "$(TARGET_NAME)";
				SWIFT_EMIT_LOC_STRINGS = YES;
				SWIFT_VERSION = 5.0;
				TARGETED_DEVICE_FAMILY = "1,2";
			};
			name = Debug;
		};
		51CB5D892BAA99EA000725ED /* Release */ = {
			isa = XCBuildConfiguration;
			buildSettings = {
				ASSETCATALOG_COMPILER_APPICON_NAME = AppIcon;
				ASSETCATALOG_COMPILER_GLOBAL_ACCENT_COLOR_NAME = AccentColor;
				CODE_SIGN_STYLE = Automatic;
				CURRENT_PROJECT_VERSION = 1;
				DEVELOPMENT_ASSET_PATHS = "\"LojoEcommerce/Preview Content\"";
				ENABLE_PREVIEWS = YES;
				GENERATE_INFOPLIST_FILE = YES;
				INFOPLIST_FILE = LojoEcommerce/Info.plist;
				INFOPLIST_KEY_UIApplicationSceneManifest_Generation = YES;
				INFOPLIST_KEY_UIApplicationSupportsIndirectInputEvents = YES;
				INFOPLIST_KEY_UILaunchScreen_Generation = YES;
				INFOPLIST_KEY_UISupportedInterfaceOrientations_iPad = "UIInterfaceOrientationPortrait UIInterfaceOrientationPortraitUpsideDown UIInterfaceOrientationLandscapeLeft UIInterfaceOrientationLandscapeRight";
				INFOPLIST_KEY_UISupportedInterfaceOrientations_iPhone = "UIInterfaceOrientationPortrait UIInterfaceOrientationLandscapeLeft UIInterfaceOrientationLandscapeRight";
				LD_RUNPATH_SEARCH_PATHS = (
					"$(inherited)",
					"@executable_path/Frameworks",
				);
				MARKETING_VERSION = 1.0;
				PRODUCT_BUNDLE_IDENTIFIER = com.NIBM.LojoEcommerce;
				PRODUCT_NAME = "$(TARGET_NAME)";
				SWIFT_EMIT_LOC_STRINGS = YES;
				SWIFT_VERSION = 5.0;
				TARGETED_DEVICE_FAMILY = "1,2";
			};
			name = Release;
		};
/* End XCBuildConfiguration section */

/* Begin XCConfigurationList section */
		51CB5D742BAA99E9000725ED /* Build configuration list for PBXProject "LojoEcommerce" */ = {
			isa = XCConfigurationList;
			buildConfigurations = (
				51CB5D852BAA99EA000725ED /* Debug */,
				51CB5D862BAA99EA000725ED /* Release */,
			);
			defaultConfigurationIsVisible = 0;
			defaultConfigurationName = Release;
		};
		51CB5D872BAA99EA000725ED /* Build configuration list for PBXNativeTarget "LojoEcommerce" */ = {
			isa = XCConfigurationList;
			buildConfigurations = (
				51CB5D882BAA99EA000725ED /* Debug */,
				51CB5D892BAA99EA000725ED /* Release */,
			);
			defaultConfigurationIsVisible = 0;
			defaultConfigurationName = Release;
		};
/* End XCConfigurationList section */

/* Begin XCRemoteSwiftPackageReference section */
		51CB5D952BAA9F3C000725ED /* XCRemoteSwiftPackageReference "url-image" */ = {
			isa = XCRemoteSwiftPackageReference;
			repositoryURL = "https://github.com/dmytro-anokhin/url-image";
			requirement = {
				kind = upToNextMajorVersion;
				minimumVersion = 3.1.1;
			};
		};
		51CB5D9A2BAA9F47000725ED /* XCRemoteSwiftPackageReference "Kingfisher" */ = {
			isa = XCRemoteSwiftPackageReference;
			repositoryURL = "https://github.com/onevcat/Kingfisher";
			requirement = {
				kind = upToNextMajorVersion;
				minimumVersion = 7.11.0;
			};
		};
/* End XCRemoteSwiftPackageReference section */

/* Begin XCSwiftPackageProductDependency section */
		51CB5D962BAA9F3C000725ED /* URLImage */ = {
			isa = XCSwiftPackageProductDependency;
			package = 51CB5D952BAA9F3C000725ED /* XCRemoteSwiftPackageReference "url-image" */;
			productName = URLImage;
		};
		51CB5D982BAA9F3C000725ED /* URLImageStore */ = {
			isa = XCSwiftPackageProductDependency;
			package = 51CB5D952BAA9F3C000725ED /* XCRemoteSwiftPackageReference "url-image" */;
			productName = URLImageStore;
		};
		51CB5D9B2BAA9F47000725ED /* Kingfisher */ = {
			isa = XCSwiftPackageProductDependency;
			package = 51CB5D9A2BAA9F47000725ED /* XCRemoteSwiftPackageReference "Kingfisher" */;
			productName = Kingfisher;
		};
/* End XCSwiftPackageProductDependency section */
	};
	rootObject = 51CB5D712BAA99E9000725ED /* Project object */;
}
